
Microsoft Visual Studio Solution File, Format Version 12.00
# Visual Studio Version 17
VisualStudioVersion = 17.6.33801.468
MinimumVisualStudioVersion = 10.0.40219.1
Project("{9A19103F-16F7-4668-BE54-9A1E7A4F7556}") = "AmazingBooks", "AmazingBooks\AmazingBooks.csproj", "{552CB656-D667-4E9F-9A84-FAD56075C1B1}"
EndProject
Project("{9A19103F-16F7-4668-BE54-9A1E7A4F7556}") = "AmazingBooks.DataAccess", "AmazingBooks.DataAccess\AmazingBooks.DataAccess.csproj", "{AB61FA37-1910-4A36-8C29-AD7EC8D83C1D}"
EndProject
Project("{9A19103F-16F7-4668-BE54-9A1E7A4F7556}") = "AmazingBooks.Models", "AmazingBooks.Models\AmazingBooks.Models.csproj", "{E18F88F2-871D-4AD3-96A6-AC413DACC11C}"
EndProject
Project("{9A19103F-16F7-4668-BE54-9A1E7A4F7556}") = "AmazingBooks.Utility", "AmazingBooks.Utility\AmazingBooks.Utility.csproj", "{F1ADD289-7C29-4242-8283-6D8072F0E9CD}"
EndProject
Global
	GlobalSection(SolutionConfigurationPlatforms) = preSolution
		Debug|Any CPU = Debug|Any CPU
		Release|Any CPU = Release|Any CPU
	EndGlobalSection
	GlobalSection(ProjectConfigurationPlatforms) = postSolution
		{552CB656-D667-4E9F-9A84-FAD56075C1B1}.Debug|Any CPU.ActiveCfg = Debug|Any CPU
		{552CB656-D667-4E9F-9A84-FAD56075C1B1}.Debug|Any CPU.Build.0 = Debug|Any CPU
		{552CB656-D667-4E9F-9A84-FAD56075C1B1}.Release|Any CPU.ActiveCfg = Release|Any CPU
		{552CB656-D667-4E9F-9A84-FAD56075C1B1}.Release|Any CPU.Build.0 = Release|Any CPU
		{AB61FA37-1910-4A36-8C29-AD7EC8D83C1D}.Debug|Any CPU.ActiveCfg = Debug|Any CPU
		{AB61FA37-1910-4A36-8C29-AD7EC8D83C1D}.Debug|Any CPU.Build.0 = Debug|Any CPU
		{AB61FA37-1910-4A36-8C29-AD7EC8D83C1D}.Release|Any CPU.ActiveCfg = Release|Any CPU
		{AB61FA37-1910-4A36-8C29-AD7EC8D83C1D}.Release|Any CPU.Build.0 = Release|Any CPU
		{E18F88F2-871D-4AD3-96A6-AC413DACC11C}.Debug|Any CPU.ActiveCfg = Debug|Any CPU
		{E18F88F2-871D-4AD3-96A6-AC413DACC11C}.Debug|Any CPU.Build.0 = Debug|Any CPU
		{E18F88F2-871D-4AD3-96A6-AC413DACC11C}.Release|Any CPU.ActiveCfg = Release|Any CPU
		{E18F88F2-871D-4AD3-96A6-AC413DACC11C}.Release|Any CPU.Build.0 = Release|Any CPU
		{F1ADD289-7C29-4242-8283-6D8072F0E9CD}.Debug|Any CPU.ActiveCfg = Debug|Any CPU
		{F1ADD289-7C29-4242-8283-6D8072F0E9CD}.Debug|Any CPU.Build.0 = Debug|Any CPU
		{F1ADD289-7C29-4242-8283-6D8072F0E9CD}.Release|Any CPU.ActiveCfg = Release|Any CPU
		{F1ADD289-7C29-4242-8283-6D8072F0E9CD}.Release|Any CPU.Build.0 = Release|Any CPU
	EndGlobalSection
	GlobalSection(SolutionProperties) = preSolution
		HideSolutionNode = FALSE
	EndGlobalSection
	GlobalSection(ExtensibilityGlobals) = postSolution
		SolutionGuid = {B8BCF034-8CE6-45CF-874D-99DF55E053DE}
	EndGlobalSection
EndGlobal
